// !$*UTF8*$!
{
	archiveVersion = 1;
	classes = {
	};
	objectVersion = 50;
	objects = {

/* Begin PBXBuildFile section */
		3D03880821AF2AB400D7D9BA /* AppDelegate.swift in Sources */ = {isa = PBXBuildFile; fileRef = 3D03880721AF2AB400D7D9BA /* AppDelegate.swift */; };
		3D03880D21AF2AB400D7D9BA /* Main.storyboard in Resources */ = {isa = PBXBuildFile; fileRef = 3D03880B21AF2AB400D7D9BA /* Main.storyboard */; };
		3D03880F21AF2AB600D7D9BA /* Assets.xcassets in Resources */ = {isa = PBXBuildFile; fileRef = 3D03880E21AF2AB600D7D9BA /* Assets.xcassets */; };
		3D03881221AF2AB600D7D9BA /* LaunchScreen.storyboard in Resources */ = {isa = PBXBuildFile; fileRef = 3D03881021AF2AB600D7D9BA /* LaunchScreen.storyboard */; };
		3D03881D21AF2AB600D7D9BA /* Historical_AnthemsTests.swift in Sources */ = {isa = PBXBuildFile; fileRef = 3D03881C21AF2AB600D7D9BA /* Historical_AnthemsTests.swift */; };
		3D03882821AF2AB600D7D9BA /* Historical_AnthemsUITests.swift in Sources */ = {isa = PBXBuildFile; fileRef = 3D03882721AF2AB600D7D9BA /* Historical_AnthemsUITests.swift */; };
		3D03884E21AF2BE200D7D9BA /* Alamofire.framework in Frameworks */ = {isa = PBXBuildFile; fileRef = 3D03884121AF2B2200D7D9BA /* Alamofire.framework */; };
		3D03884F21AF2BE200D7D9BA /* Alamofire.framework in Embed Frameworks */ = {isa = PBXBuildFile; fileRef = 3D03884121AF2B2200D7D9BA /* Alamofire.framework */; settings = {ATTRIBUTES = (CodeSignOnCopy, RemoveHeadersOnCopy, ); }; };
		3D03886F21AF338E00D7D9BA /* AlamofireImage.framework in Frameworks */ = {isa = PBXBuildFile; fileRef = 3D03886021AF336700D7D9BA /* AlamofireImage.framework */; };
		3D03887021AF338E00D7D9BA /* AlamofireImage.framework in Embed Frameworks */ = {isa = PBXBuildFile; fileRef = 3D03886021AF336700D7D9BA /* AlamofireImage.framework */; settings = {ATTRIBUTES = (CodeSignOnCopy, RemoveHeadersOnCopy, ); }; };
		3D7E9D2C21AF3ECC00659851 /* AnthemsTableViewController.swift in Sources */ = {isa = PBXBuildFile; fileRef = 3D7E9D2B21AF3ECC00659851 /* AnthemsTableViewController.swift */; };
/* End PBXBuildFile section */

/* Begin PBXContainerItemProxy section */
		3D03881921AF2AB600D7D9BA /* PBXContainerItemProxy */ = {
			isa = PBXContainerItemProxy;
			containerPortal = 3D0387FC21AF2AB400D7D9BA /* Project object */;
			proxyType = 1;
			remoteGlobalIDString = 3D03880321AF2AB400D7D9BA;
			remoteInfo = "Historical-Anthems";
		};
		3D03882421AF2AB600D7D9BA /* PBXContainerItemProxy */ = {
			isa = PBXContainerItemProxy;
			containerPortal = 3D0387FC21AF2AB400D7D9BA /* Project object */;
			proxyType = 1;
			remoteGlobalIDString = 3D03880321AF2AB400D7D9BA;
			remoteInfo = "Historical-Anthems";
		};
		3D03884021AF2B2200D7D9BA /* PBXContainerItemProxy */ = {
			isa = PBXContainerItemProxy;
			containerPortal = 3D03883521AF2B2100D7D9BA /* Alamofire.xcodeproj */;
			proxyType = 2;
			remoteGlobalIDString = F8111E3319A95C8B0040E7D1;
			remoteInfo = "Alamofire iOS";
		};
		3D03884221AF2B2200D7D9BA /* PBXContainerItemProxy */ = {
			isa = PBXContainerItemProxy;
			containerPortal = 3D03883521AF2B2100D7D9BA /* Alamofire.xcodeproj */;
			proxyType = 2;
			remoteGlobalIDString = F8111E3E19A95C8B0040E7D1;
			remoteInfo = "Alamofire iOS Tests";
		};
		3D03884421AF2B2200D7D9BA /* PBXContainerItemProxy */ = {
			isa = PBXContainerItemProxy;
			containerPortal = 3D03883521AF2B2100D7D9BA /* Alamofire.xcodeproj */;
			proxyType = 2;
			remoteGlobalIDString = 4DD67C0B1A5C55C900ED2280;
			remoteInfo = "Alamofire macOS";
		};
		3D03884621AF2B2200D7D9BA /* PBXContainerItemProxy */ = {
			isa = PBXContainerItemProxy;
			containerPortal = 3D03883521AF2B2100D7D9BA /* Alamofire.xcodeproj */;
			proxyType = 2;
			remoteGlobalIDString = F829C6B21A7A94F100A2CD59;
			remoteInfo = "Alamofire macOS Tests";
		};
		3D03884821AF2B2200D7D9BA /* PBXContainerItemProxy */ = {
			isa = PBXContainerItemProxy;
			containerPortal = 3D03883521AF2B2100D7D9BA /* Alamofire.xcodeproj */;
			proxyType = 2;
			remoteGlobalIDString = 4CF626EF1BA7CB3E0011A099;
			remoteInfo = "Alamofire tvOS";
		};
		3D03884A21AF2B2200D7D9BA /* PBXContainerItemProxy */ = {
			isa = PBXContainerItemProxy;
			containerPortal = 3D03883521AF2B2100D7D9BA /* Alamofire.xcodeproj */;
			proxyType = 2;
			remoteGlobalIDString = 4CF626F81BA7CB3E0011A099;
			remoteInfo = "Alamofire tvOS Tests";
		};
		3D03884C21AF2B2200D7D9BA /* PBXContainerItemProxy */ = {
			isa = PBXContainerItemProxy;
			containerPortal = 3D03883521AF2B2100D7D9BA /* Alamofire.xcodeproj */;
			proxyType = 2;
			remoteGlobalIDString = E4202FE01B667AA100C997FB;
			remoteInfo = "Alamofire watchOS";
		};
		3D03885021AF2BE200D7D9BA /* PBXContainerItemProxy */ = {
			isa = PBXContainerItemProxy;
			containerPortal = 3D03883521AF2B2100D7D9BA /* Alamofire.xcodeproj */;
			proxyType = 1;
			remoteGlobalIDString = F8111E3219A95C8B0040E7D1;
			remoteInfo = "Alamofire iOS";
		};
		3D03885F21AF336700D7D9BA /* PBXContainerItemProxy */ = {
			isa = PBXContainerItemProxy;
			containerPortal = 3D03885321AF336600D7D9BA /* AlamofireImage.xcodeproj */;
			proxyType = 2;
			remoteGlobalIDString = 4C9043771AABBFC5001B4E60;
			remoteInfo = "AlamofireImage iOS";
		};
		3D03886121AF336700D7D9BA /* PBXContainerItemProxy */ = {
			isa = PBXContainerItemProxy;
			containerPortal = 3D03885321AF336600D7D9BA /* AlamofireImage.xcodeproj */;
			proxyType = 2;
			remoteGlobalIDString = 4C9043821AABBFC5001B4E60;
			remoteInfo = "AlamofireImage iOS Tests";
		};
		3D03886321AF336700D7D9BA /* PBXContainerItemProxy */ = {
			isa = PBXContainerItemProxy;
			containerPortal = 3D03885321AF336600D7D9BA /* AlamofireImage.xcodeproj */;
			proxyType = 2;
			remoteGlobalIDString = 4CE611321AABC24E00D35044;
			remoteInfo = "AlamofireImage macOS";
		};
		3D03886521AF336700D7D9BA /* PBXContainerItemProxy */ = {
			isa = PBXContainerItemProxy;
			containerPortal = 3D03885321AF336600D7D9BA /* AlamofireImage.xcodeproj */;
			proxyType = 2;
			remoteGlobalIDString = 4CE611471AABC5C900D35044;
			remoteInfo = "AlamofireImage macOS Tests";
		};
		3D03886721AF336700D7D9BA /* PBXContainerItemProxy */ = {
			isa = PBXContainerItemProxy;
			containerPortal = 3D03885321AF336600D7D9BA /* AlamofireImage.xcodeproj */;
			proxyType = 2;
			remoteGlobalIDString = 4C16B37D1BA9399500A66EF0;
			remoteInfo = "AlamofireImage tvOS";
		};
		3D03886921AF336700D7D9BA /* PBXContainerItemProxy */ = {
			isa = PBXContainerItemProxy;
			containerPortal = 3D03885321AF336600D7D9BA /* AlamofireImage.xcodeproj */;
			proxyType = 2;
			remoteGlobalIDString = 4C16B3861BA9399500A66EF0;
			remoteInfo = "AlamofireImage tvOS Tests";
		};
		3D03886B21AF336700D7D9BA /* PBXContainerItemProxy */ = {
			isa = PBXContainerItemProxy;
			containerPortal = 3D03885321AF336600D7D9BA /* AlamofireImage.xcodeproj */;
			proxyType = 2;
			remoteGlobalIDString = 4C4D4EC11B92976900C96855;
			remoteInfo = "AlamofireImage watchOS";
		};
		3D03886D21AF336700D7D9BA /* PBXContainerItemProxy */ = {
			isa = PBXContainerItemProxy;
			containerPortal = 3D03885321AF336600D7D9BA /* AlamofireImage.xcodeproj */;
			proxyType = 2;
			remoteGlobalIDString = 4C11830B2150517E007A8298;
			remoteInfo = "iOS Example";
		};
		3D03887121AF338E00D7D9BA /* PBXContainerItemProxy */ = {
			isa = PBXContainerItemProxy;
			containerPortal = 3D03885321AF336600D7D9BA /* AlamofireImage.xcodeproj */;
			proxyType = 1;
			remoteGlobalIDString = 4C9043761AABBFC5001B4E60;
			remoteInfo = "AlamofireImage iOS";
		};
/* End PBXContainerItemProxy section */

/* Begin PBXCopyFilesBuildPhase section */
		3D03885221AF2BE200D7D9BA /* Embed Frameworks */ = {
			isa = PBXCopyFilesBuildPhase;
			buildActionMask = 2147483647;
			dstPath = "";
			dstSubfolderSpec = 10;
			files = (
				3D03884F21AF2BE200D7D9BA /* Alamofire.framework in Embed Frameworks */,
				3D03887021AF338E00D7D9BA /* AlamofireImage.framework in Embed Frameworks */,
			);
			name = "Embed Frameworks";
			runOnlyForDeploymentPostprocessing = 0;
		};
/* End PBXCopyFilesBuildPhase section */

/* Begin PBXFileReference section */
		3D03880421AF2AB400D7D9BA /* Historical-Anthems.app */ = {isa = PBXFileReference; explicitFileType = wrapper.application; includeInIndex = 0; path = "Historical-Anthems.app"; sourceTree = BUILT_PRODUCTS_DIR; };
		3D03880721AF2AB400D7D9BA /* AppDelegate.swift */ = {isa = PBXFileReference; lastKnownFileType = sourcecode.swift; path = AppDelegate.swift; sourceTree = "<group>"; };
		3D03880C21AF2AB400D7D9BA /* Base */ = {isa = PBXFileReference; lastKnownFileType = file.storyboard; name = Base; path = Base.lproj/Main.storyboard; sourceTree = "<group>"; };
		3D03880E21AF2AB600D7D9BA /* Assets.xcassets */ = {isa = PBXFileReference; lastKnownFileType = folder.assetcatalog; path = Assets.xcassets; sourceTree = "<group>"; };
		3D03881121AF2AB600D7D9BA /* Base */ = {isa = PBXFileReference; lastKnownFileType = file.storyboard; name = Base; path = Base.lproj/LaunchScreen.storyboard; sourceTree = "<group>"; };
		3D03881321AF2AB600D7D9BA /* Info.plist */ = {isa = PBXFileReference; lastKnownFileType = text.plist.xml; path = Info.plist; sourceTree = "<group>"; };
		3D03881821AF2AB600D7D9BA /* Historical-AnthemsTests.xctest */ = {isa = PBXFileReference; explicitFileType = wrapper.cfbundle; includeInIndex = 0; path = "Historical-AnthemsTests.xctest"; sourceTree = BUILT_PRODUCTS_DIR; };
		3D03881C21AF2AB600D7D9BA /* Historical_AnthemsTests.swift */ = {isa = PBXFileReference; lastKnownFileType = sourcecode.swift; path = Historical_AnthemsTests.swift; sourceTree = "<group>"; };
		3D03881E21AF2AB600D7D9BA /* Info.plist */ = {isa = PBXFileReference; lastKnownFileType = text.plist.xml; path = Info.plist; sourceTree = "<group>"; };
		3D03882321AF2AB600D7D9BA /* Historical-AnthemsUITests.xctest */ = {isa = PBXFileReference; explicitFileType = wrapper.cfbundle; includeInIndex = 0; path = "Historical-AnthemsUITests.xctest"; sourceTree = BUILT_PRODUCTS_DIR; };
		3D03882721AF2AB600D7D9BA /* Historical_AnthemsUITests.swift */ = {isa = PBXFileReference; lastKnownFileType = sourcecode.swift; path = Historical_AnthemsUITests.swift; sourceTree = "<group>"; };
		3D03882921AF2AB600D7D9BA /* Info.plist */ = {isa = PBXFileReference; lastKnownFileType = text.plist.xml; path = Info.plist; sourceTree = "<group>"; };
		3D03883521AF2B2100D7D9BA /* Alamofire.xcodeproj */ = {isa = PBXFileReference; lastKnownFileType = "wrapper.pb-project"; name = Alamofire.xcodeproj; path = Alamofire/Alamofire.xcodeproj; sourceTree = "<group>"; };
		3D03885321AF336600D7D9BA /* AlamofireImage.xcodeproj */ = {isa = PBXFileReference; lastKnownFileType = "wrapper.pb-project"; name = AlamofireImage.xcodeproj; path = AlamofireImage/AlamofireImage.xcodeproj; sourceTree = "<group>"; };
		3D7E9D2B21AF3ECC00659851 /* AnthemsTableViewController.swift */ = {isa = PBXFileReference; lastKnownFileType = sourcecode.swift; path = AnthemsTableViewController.swift; sourceTree = "<group>"; };
/* End PBXFileReference section */

/* Begin PBXFrameworksBuildPhase section */
		3D03880121AF2AB400D7D9BA /* Frameworks */ = {
			isa = PBXFrameworksBuildPhase;
			buildActionMask = 2147483647;
			files = (
				3D03884E21AF2BE200D7D9BA /* Alamofire.framework in Frameworks */,
				3D03886F21AF338E00D7D9BA /* AlamofireImage.framework in Frameworks */,
			);
			runOnlyForDeploymentPostprocessing = 0;
		};
		3D03881521AF2AB600D7D9BA /* Frameworks */ = {
			isa = PBXFrameworksBuildPhase;
			buildActionMask = 2147483647;
			files = (
			);
			runOnlyForDeploymentPostprocessing = 0;
		};
		3D03882021AF2AB600D7D9BA /* Frameworks */ = {
			isa = PBXFrameworksBuildPhase;
			buildActionMask = 2147483647;
			files = (
			);
			runOnlyForDeploymentPostprocessing = 0;
		};
/* End PBXFrameworksBuildPhase section */

/* Begin PBXGroup section */
		3D0387FB21AF2AB400D7D9BA = {
			isa = PBXGroup;
			children = (
				3D03887521AF361000D7D9BA /* Views */,
				3D03887421AF35EF00D7D9BA /* ViewControllers */,
				3D03887321AF35DF00D7D9BA /* Models */,
				3D03885321AF336600D7D9BA /* AlamofireImage.xcodeproj */,
				3D03883521AF2B2100D7D9BA /* Alamofire.xcodeproj */,
				3D03880621AF2AB400D7D9BA /* Historical-Anthems */,
				3D03881B21AF2AB600D7D9BA /* Historical-AnthemsTests */,
				3D03882621AF2AB600D7D9BA /* Historical-AnthemsUITests */,
				3D03880521AF2AB400D7D9BA /* Products */,
			);
			sourceTree = "<group>";
		};
		3D03880521AF2AB400D7D9BA /* Products */ = {
			isa = PBXGroup;
			children = (
				3D03880421AF2AB400D7D9BA /* Historical-Anthems.app */,
				3D03881821AF2AB600D7D9BA /* Historical-AnthemsTests.xctest */,
				3D03882321AF2AB600D7D9BA /* Historical-AnthemsUITests.xctest */,
			);
			name = Products;
			sourceTree = "<group>";
		};
		3D03880621AF2AB400D7D9BA /* Historical-Anthems */ = {
			isa = PBXGroup;
			children = (
				3D03880721AF2AB400D7D9BA /* AppDelegate.swift */,
				3D03880E21AF2AB600D7D9BA /* Assets.xcassets */,
				3D03881321AF2AB600D7D9BA /* Info.plist */,
			);
			path = "Historical-Anthems";
			sourceTree = "<group>";
		};
		3D03881B21AF2AB600D7D9BA /* Historical-AnthemsTests */ = {
			isa = PBXGroup;
			children = (
				3D03881C21AF2AB600D7D9BA /* Historical_AnthemsTests.swift */,
				3D03881E21AF2AB600D7D9BA /* Info.plist */,
			);
			path = "Historical-AnthemsTests";
			sourceTree = "<group>";
		};
		3D03882621AF2AB600D7D9BA /* Historical-AnthemsUITests */ = {
			isa = PBXGroup;
			children = (
				3D03882721AF2AB600D7D9BA /* Historical_AnthemsUITests.swift */,
				3D03882921AF2AB600D7D9BA /* Info.plist */,
			);
			path = "Historical-AnthemsUITests";
			sourceTree = "<group>";
		};
		3D03883621AF2B2100D7D9BA /* Products */ = {
			isa = PBXGroup;
			children = (
				3D03884121AF2B2200D7D9BA /* Alamofire.framework */,
				3D03884321AF2B2200D7D9BA /* Alamofire iOS Tests.xctest */,
				3D03884521AF2B2200D7D9BA /* Alamofire.framework */,
				3D03884721AF2B2200D7D9BA /* Alamofire macOS Tests.xctest */,
				3D03884921AF2B2200D7D9BA /* Alamofire.framework */,
				3D03884B21AF2B2200D7D9BA /* Alamofire tvOS Tests.xctest */,
				3D03884D21AF2B2200D7D9BA /* Alamofire.framework */,
			);
			name = Products;
			sourceTree = "<group>";
		};
		3D03885421AF336600D7D9BA /* Products */ = {
			isa = PBXGroup;
			children = (
				3D03886021AF336700D7D9BA /* AlamofireImage.framework */,
				3D03886221AF336700D7D9BA /* AlamofireImage iOS Tests.xctest */,
				3D03886421AF336700D7D9BA /* AlamofireImage.framework */,
				3D03886621AF336700D7D9BA /* AlamofireImage macOS Tests.xctest */,
				3D03886821AF336700D7D9BA /* AlamofireImage.framework */,
				3D03886A21AF336700D7D9BA /* AlamofireImage tvOS Tests.xctest */,
				3D03886C21AF336700D7D9BA /* AlamofireImage.framework */,
				3D03886E21AF336700D7D9BA /* iOS Example.app */,
			);
			name = Products;
			sourceTree = "<group>";
		};
		3D03887321AF35DF00D7D9BA /* Models */ = {
			isa = PBXGroup;
			children = (
			);
			name = Models;
			sourceTree = "<group>";
		};
		3D03887421AF35EF00D7D9BA /* ViewControllers */ = {
			isa = PBXGroup;
			children = (
				3D7E9D3D21AF427400659851 /* Celdas */,
				3D7E9D3C21AF423800659851 /* Tables */,
			);
			name = ViewControllers;
			sourceTree = "<group>";
		};
		3D03887521AF361000D7D9BA /* Views */ = {
			isa = PBXGroup;
			children = (
				3D03881021AF2AB600D7D9BA /* LaunchScreen.storyboard */,
				3D03880B21AF2AB400D7D9BA /* Main.storyboard */,
			);
			path = Views;
			sourceTree = "<group>";
		};
		3D7E9D3C21AF423800659851 /* Tables */ = {
			isa = PBXGroup;
			children = (
				3D7E9D2B21AF3ECC00659851 /* AnthemsTableViewController.swift */,
			);
			name = Tables;
			sourceTree = "<group>";
		};
		3D7E9D3D21AF427400659851 /* Celdas */ = {
			isa = PBXGroup;
			children = (
			);
			name = Celdas;
			sourceTree = "<group>";
		};
/* End PBXGroup section */

/* Begin PBXNativeTarget section */
		3D03880321AF2AB400D7D9BA /* Historical-Anthems */ = {
			isa = PBXNativeTarget;
			buildConfigurationList = 3D03882C21AF2AB600D7D9BA /* Build configuration list for PBXNativeTarget "Historical-Anthems" */;
			buildPhases = (
				3D03880021AF2AB400D7D9BA /* Sources */,
				3D03880121AF2AB400D7D9BA /* Frameworks */,
				3D03880221AF2AB400D7D9BA /* Resources */,
				3D03885221AF2BE200D7D9BA /* Embed Frameworks */,
			);
			buildRules = (
			);
			dependencies = (
				3D03885121AF2BE200D7D9BA /* PBXTargetDependency */,
				3D03887221AF338E00D7D9BA /* PBXTargetDependency */,
			);
			name = "Historical-Anthems";
			productName = "Historical-Anthems";
			productReference = 3D03880421AF2AB400D7D9BA /* Historical-Anthems.app */;
			productType = "com.apple.product-type.application";
		};
		3D03881721AF2AB600D7D9BA /* Historical-AnthemsTests */ = {
			isa = PBXNativeTarget;
			buildConfigurationList = 3D03882F21AF2AB600D7D9BA /* Build configuration list for PBXNativeTarget "Historical-AnthemsTests" */;
			buildPhases = (
				3D03881421AF2AB600D7D9BA /* Sources */,
				3D03881521AF2AB600D7D9BA /* Frameworks */,
				3D03881621AF2AB600D7D9BA /* Resources */,
			);
			buildRules = (
			);
			dependencies = (
				3D03881A21AF2AB600D7D9BA /* PBXTargetDependency */,
			);
			name = "Historical-AnthemsTests";
			productName = "Historical-AnthemsTests";
			productReference = 3D03881821AF2AB600D7D9BA /* Historical-AnthemsTests.xctest */;
			productType = "com.apple.product-type.bundle.unit-test";
		};
		3D03882221AF2AB600D7D9BA /* Historical-AnthemsUITests */ = {
			isa = PBXNativeTarget;
			buildConfigurationList = 3D03883221AF2AB600D7D9BA /* Build configuration list for PBXNativeTarget "Historical-AnthemsUITests" */;
			buildPhases = (
				3D03881F21AF2AB600D7D9BA /* Sources */,
				3D03882021AF2AB600D7D9BA /* Frameworks */,
				3D03882121AF2AB600D7D9BA /* Resources */,
			);
			buildRules = (
			);
			dependencies = (
				3D03882521AF2AB600D7D9BA /* PBXTargetDependency */,
			);
			name = "Historical-AnthemsUITests";
			productName = "Historical-AnthemsUITests";
			productReference = 3D03882321AF2AB600D7D9BA /* Historical-AnthemsUITests.xctest */;
			productType = "com.apple.product-type.bundle.ui-testing";
		};
/* End PBXNativeTarget section */

/* Begin PBXProject section */
		3D0387FC21AF2AB400D7D9BA /* Project object */ = {
			isa = PBXProject;
			attributes = {
				LastSwiftUpdateCheck = 0940;
				LastUpgradeCheck = 0940;
				ORGANIZATIONNAME = Pablo;
				TargetAttributes = {
					3D03880321AF2AB400D7D9BA = {
						CreatedOnToolsVersion = 9.4.1;
					};
					3D03881721AF2AB600D7D9BA = {
						CreatedOnToolsVersion = 9.4.1;
						TestTargetID = 3D03880321AF2AB400D7D9BA;
					};
					3D03882221AF2AB600D7D9BA = {
						CreatedOnToolsVersion = 9.4.1;
						TestTargetID = 3D03880321AF2AB400D7D9BA;
					};
				};
			};
			buildConfigurationList = 3D0387FF21AF2AB400D7D9BA /* Build configuration list for PBXProject "Historical-Anthems" */;
			compatibilityVersion = "Xcode 9.3";
			developmentRegion = en;
			hasScannedForEncodings = 0;
			knownRegions = (
				en,
				Base,
			);
			mainGroup = 3D0387FB21AF2AB400D7D9BA;
			productRefGroup = 3D03880521AF2AB400D7D9BA /* Products */;
			projectDirPath = "";
			projectReferences = (
				{
					ProductGroup = 3D03883621AF2B2100D7D9BA /* Products */;
					ProjectRef = 3D03883521AF2B2100D7D9BA /* Alamofire.xcodeproj */;
				},
				{
					ProductGroup = 3D03885421AF336600D7D9BA /* Products */;
					ProjectRef = 3D03885321AF336600D7D9BA /* AlamofireImage.xcodeproj */;
				},
			);
			projectRoot = "";
			targets = (
				3D03880321AF2AB400D7D9BA /* Historical-Anthems */,
				3D03881721AF2AB600D7D9BA /* Historical-AnthemsTests */,
				3D03882221AF2AB600D7D9BA /* Historical-AnthemsUITests */,
			);
		};
/* End PBXProject section */

/* Begin PBXReferenceProxy section */
		3D03884121AF2B2200D7D9BA /* Alamofire.framework */ = {
			isa = PBXReferenceProxy;
			fileType = wrapper.framework;
			path = Alamofire.framework;
			remoteRef = 3D03884021AF2B2200D7D9BA /* PBXContainerItemProxy */;
			sourceTree = BUILT_PRODUCTS_DIR;
		};
		3D03884321AF2B2200D7D9BA /* Alamofire iOS Tests.xctest */ = {
			isa = PBXReferenceProxy;
			fileType = wrapper.cfbundle;
			path = "Alamofire iOS Tests.xctest";
			remoteRef = 3D03884221AF2B2200D7D9BA /* PBXContainerItemProxy */;
			sourceTree = BUILT_PRODUCTS_DIR;
		};
		3D03884521AF2B2200D7D9BA /* Alamofire.framework */ = {
			isa = PBXReferenceProxy;
			fileType = wrapper.framework;
			path = Alamofire.framework;
			remoteRef = 3D03884421AF2B2200D7D9BA /* PBXContainerItemProxy */;
			sourceTree = BUILT_PRODUCTS_DIR;
		};
		3D03884721AF2B2200D7D9BA /* Alamofire macOS Tests.xctest */ = {
			isa = PBXReferenceProxy;
			fileType = wrapper.cfbundle;
			path = "Alamofire macOS Tests.xctest";
			remoteRef = 3D03884621AF2B2200D7D9BA /* PBXContainerItemProxy */;
			sourceTree = BUILT_PRODUCTS_DIR;
		};
		3D03884921AF2B2200D7D9BA /* Alamofire.framework */ = {
			isa = PBXReferenceProxy;
			fileType = wrapper.framework;
			path = Alamofire.framework;
			remoteRef = 3D03884821AF2B2200D7D9BA /* PBXContainerItemProxy */;
			sourceTree = BUILT_PRODUCTS_DIR;
		};
		3D03884B21AF2B2200D7D9BA /* Alamofire tvOS Tests.xctest */ = {
			isa = PBXReferenceProxy;
			fileType = wrapper.cfbundle;
			path = "Alamofire tvOS Tests.xctest";
			remoteRef = 3D03884A21AF2B2200D7D9BA /* PBXContainerItemProxy */;
			sourceTree = BUILT_PRODUCTS_DIR;
		};
		3D03884D21AF2B2200D7D9BA /* Alamofire.framework */ = {
			isa = PBXReferenceProxy;
			fileType = wrapper.framework;
			path = Alamofire.framework;
			remoteRef = 3D03884C21AF2B2200D7D9BA /* PBXContainerItemProxy */;
			sourceTree = BUILT_PRODUCTS_DIR;
		};
		3D03886021AF336700D7D9BA /* AlamofireImage.framework */ = {
			isa = PBXReferenceProxy;
			fileType = wrapper.framework;
			path = AlamofireImage.framework;
			remoteRef = 3D03885F21AF336700D7D9BA /* PBXContainerItemProxy */;
			sourceTree = BUILT_PRODUCTS_DIR;
		};
		3D03886221AF336700D7D9BA /* AlamofireImage iOS Tests.xctest */ = {
			isa = PBXReferenceProxy;
			fileType = wrapper.cfbundle;
			path = "AlamofireImage iOS Tests.xctest";
			remoteRef = 3D03886121AF336700D7D9BA /* PBXContainerItemProxy */;
			sourceTree = BUILT_PRODUCTS_DIR;
		};
		3D03886421AF336700D7D9BA /* AlamofireImage.framework */ = {
			isa = PBXReferenceProxy;
			fileType = wrapper.framework;
			path = AlamofireImage.framework;
			remoteRef = 3D03886321AF336700D7D9BA /* PBXContainerItemProxy */;
			sourceTree = BUILT_PRODUCTS_DIR;
		};
		3D03886621AF336700D7D9BA /* AlamofireImage macOS Tests.xctest */ = {
			isa = PBXReferenceProxy;
			fileType = wrapper.cfbundle;
			path = "AlamofireImage macOS Tests.xctest";
			remoteRef = 3D03886521AF336700D7D9BA /* PBXContainerItemProxy */;
			sourceTree = BUILT_PRODUCTS_DIR;
		};
		3D03886821AF336700D7D9BA /* AlamofireImage.framework */ = {
			isa = PBXReferenceProxy;
			fileType = wrapper.framework;
			path = AlamofireImage.framework;
			remoteRef = 3D03886721AF336700D7D9BA /* PBXContainerItemProxy */;
			sourceTree = BUILT_PRODUCTS_DIR;
		};
		3D03886A21AF336700D7D9BA /* AlamofireImage tvOS Tests.xctest */ = {
			isa = PBXReferenceProxy;
			fileType = wrapper.cfbundle;
			path = "AlamofireImage tvOS Tests.xctest";
			remoteRef = 3D03886921AF336700D7D9BA /* PBXContainerItemProxy */;
			sourceTree = BUILT_PRODUCTS_DIR;
		};
		3D03886C21AF336700D7D9BA /* AlamofireImage.framework */ = {
			isa = PBXReferenceProxy;
			fileType = wrapper.framework;
			path = AlamofireImage.framework;
			remoteRef = 3D03886B21AF336700D7D9BA /* PBXContainerItemProxy */;
			sourceTree = BUILT_PRODUCTS_DIR;
		};
		3D03886E21AF336700D7D9BA /* iOS Example.app */ = {
			isa = PBXReferenceProxy;
			fileType = wrapper.application;
			path = "iOS Example.app";
			remoteRef = 3D03886D21AF336700D7D9BA /* PBXContainerItemProxy */;
			sourceTree = BUILT_PRODUCTS_DIR;
		};
/* End PBXReferenceProxy section */

/* Begin PBXResourcesBuildPhase section */
		3D03880221AF2AB400D7D9BA /* Resources */ = {
			isa = PBXResourcesBuildPhase;
			buildActionMask = 2147483647;
			files = (
				3D03881221AF2AB600D7D9BA /* LaunchScreen.storyboard in Resources */,
				3D03880F21AF2AB600D7D9BA /* Assets.xcassets in Resources */,
				3D03880D21AF2AB400D7D9BA /* Main.storyboard in Resources */,
			);
			runOnlyForDeploymentPostprocessing = 0;
		};
		3D03881621AF2AB600D7D9BA /* Resources */ = {
			isa = PBXResourcesBuildPhase;
			buildActionMask = 2147483647;
			files = (
			);
			runOnlyForDeploymentPostprocessing = 0;
		};
		3D03882121AF2AB600D7D9BA /* Resources */ = {
			isa = PBXResourcesBuildPhase;
			buildActionMask = 2147483647;
			files = (
			);
			runOnlyForDeploymentPostprocessing = 0;
		};
/* End PBXResourcesBuildPhase section */

/* Begin PBXSourcesBuildPhase section */
		3D03880021AF2AB400D7D9BA /* Sources */ = {
			isa = PBXSourcesBuildPhase;
			buildActionMask = 2147483647;
			files = (
				3D7E9D2C21AF3ECC00659851 /* AnthemsTableViewController.swift in Sources */,
				3D03880821AF2AB400D7D9BA /* AppDelegate.swift in Sources */,
			);
			runOnlyForDeploymentPostprocessing = 0;
		};
		3D03881421AF2AB600D7D9BA /* Sources */ = {
			isa = PBXSourcesBuildPhase;
			buildActionMask = 2147483647;
			files = (
				3D03881D21AF2AB600D7D9BA /* Historical_AnthemsTests.swift in Sources */,
			);
			runOnlyForDeploymentPostprocessing = 0;
		};
		3D03881F21AF2AB600D7D9BA /* Sources */ = {
			isa = PBXSourcesBuildPhase;
			buildActionMask = 2147483647;
			files = (
				3D03882821AF2AB600D7D9BA /* Historical_AnthemsUITests.swift in Sources */,
			);
			runOnlyForDeploymentPostprocessing = 0;
		};
/* End PBXSourcesBuildPhase section */

/* Begin PBXTargetDependency section */
		3D03881A21AF2AB600D7D9BA /* PBXTargetDependency */ = {
			isa = PBXTargetDependency;
			target = 3D03880321AF2AB400D7D9BA /* Historical-Anthems */;
			targetProxy = 3D03881921AF2AB600D7D9BA /* PBXContainerItemProxy */;
		};
		3D03882521AF2AB600D7D9BA /* PBXTargetDependency */ = {
			isa = PBXTargetDependency;
			target = 3D03880321AF2AB400D7D9BA /* Historical-Anthems */;
			targetProxy = 3D03882421AF2AB600D7D9BA /* PBXContainerItemProxy */;
		};
		3D03885121AF2BE200D7D9BA /* PBXTargetDependency */ = {
			isa = PBXTargetDependency;
			name = "Alamofire iOS";
			targetProxy = 3D03885021AF2BE200D7D9BA /* PBXContainerItemProxy */;
		};
		3D03887221AF338E00D7D9BA /* PBXTargetDependency */ = {
			isa = PBXTargetDependency;
			name = "AlamofireImage iOS";
			targetProxy = 3D03887121AF338E00D7D9BA /* PBXContainerItemProxy */;
		};
/* End PBXTargetDependency section */

/* Begin PBXVariantGroup section */
		3D03880B21AF2AB400D7D9BA /* Main.storyboard */ = {
			isa = PBXVariantGroup;
			children = (
				3D03880C21AF2AB400D7D9BA /* Base */,
			);
			name = Main.storyboard;
			sourceTree = "<group>";
		};
		3D03881021AF2AB600D7D9BA /* LaunchScreen.storyboard */ = {
			isa = PBXVariantGroup;
			children = (
				3D03881121AF2AB600D7D9BA /* Base */,
			);
			name = LaunchScreen.storyboard;
			sourceTree = "<group>";
		};
/* End PBXVariantGroup section */

/* Begin XCBuildConfiguration section */
		3D03882A21AF2AB600D7D9BA /* Debug */ = {
			isa = XCBuildConfiguration;
			buildSettings = {
				ALWAYS_SEARCH_USER_PATHS = NO;
				CLANG_ANALYZER_NONNULL = YES;
				CLANG_ANALYZER_NUMBER_OBJECT_CONVERSION = YES_AGGRESSIVE;
				CLANG_CXX_LANGUAGE_STANDARD = "gnu++14";
				CLANG_CXX_LIBRARY = "libc++";
				CLANG_ENABLE_MODULES = YES;
				CLANG_ENABLE_OBJC_ARC = YES;
				CLANG_ENABLE_OBJC_WEAK = YES;
				CLANG_WARN_BLOCK_CAPTURE_AUTORELEASING = YES;
				CLANG_WARN_BOOL_CONVERSION = YES;
				CLANG_WARN_COMMA = YES;
				CLANG_WARN_CONSTANT_CONVERSION = YES;
				CLANG_WARN_DEPRECATED_OBJC_IMPLEMENTATIONS = YES;
				CLANG_WARN_DIRECT_OBJC_ISA_USAGE = YES_ERROR;
				CLANG_WARN_DOCUMENTATION_COMMENTS = YES;
				CLANG_WARN_EMPTY_BODY = YES;
				CLANG_WARN_ENUM_CONVERSION = YES;
				CLANG_WARN_INFINITE_RECURSION = YES;
				CLANG_WARN_INT_CONVERSION = YES;
				CLANG_WARN_NON_LITERAL_NULL_CONVERSION = YES;
				CLANG_WARN_OBJC_IMPLICIT_RETAIN_SELF = YES;
				CLANG_WARN_OBJC_LITERAL_CONVERSION = YES;
				CLANG_WARN_OBJC_ROOT_CLASS = YES_ERROR;
				CLANG_WARN_RANGE_LOOP_ANALYSIS = YES;
				CLANG_WARN_STRICT_PROTOTYPES = YES;
				CLANG_WARN_SUSPICIOUS_MOVE = YES;
				CLANG_WARN_UNGUARDED_AVAILABILITY = YES_AGGRESSIVE;
				CLANG_WARN_UNREACHABLE_CODE = YES;
				CLANG_WARN__DUPLICATE_METHOD_MATCH = YES;
				CODE_SIGN_IDENTITY = "iPhone Developer";
				COPY_PHASE_STRIP = NO;
				DEBUG_INFORMATION_FORMAT = dwarf;
				ENABLE_STRICT_OBJC_MSGSEND = YES;
				ENABLE_TESTABILITY = YES;
				GCC_C_LANGUAGE_STANDARD = gnu11;
				GCC_DYNAMIC_NO_PIC = NO;
				GCC_NO_COMMON_BLOCKS = YES;
				GCC_OPTIMIZATION_LEVEL = 0;
				GCC_PREPROCESSOR_DEFINITIONS = (
					"DEBUG=1",
					"$(inherited)",
				);
				GCC_WARN_64_TO_32_BIT_CONVERSION = YES;
				GCC_WARN_ABOUT_RETURN_TYPE = YES_ERROR;
				GCC_WARN_UNDECLARED_SELECTOR = YES;
				GCC_WARN_UNINITIALIZED_AUTOS = YES_AGGRESSIVE;
				GCC_WARN_UNUSED_FUNCTION = YES;
				GCC_WARN_UNUSED_VARIABLE = YES;
				IPHONEOS_DEPLOYMENT_TARGET = 11.4;
				MTL_ENABLE_DEBUG_INFO = YES;
				ONLY_ACTIVE_ARCH = YES;
				SDKROOT = iphoneos;
				SWIFT_ACTIVE_COMPILATION_CONDITIONS = DEBUG;
				SWIFT_OPTIMIZATION_LEVEL = "-Onone";
			};
			name = Debug;
		};
		3D03882B21AF2AB600D7D9BA /* Release */ = {
			isa = XCBuildConfiguration;
			buildSettings = {
				ALWAYS_SEARCH_USER_PATHS = NO;
				CLANG_ANALYZER_NONNULL = YES;
				CLANG_ANALYZER_NUMBER_OBJECT_CONVERSION = YES_AGGRESSIVE;
				CLANG_CXX_LANGUAGE_STANDARD = "gnu++14";
				CLANG_CXX_LIBRARY = "libc++";
				CLANG_ENABLE_MODULES = YES;
				CLANG_ENABLE_OBJC_ARC = YES;
				CLANG_ENABLE_OBJC_WEAK = YES;
				CLANG_WARN_BLOCK_CAPTURE_AUTORELEASING = YES;
				CLANG_WARN_BOOL_CONVERSION = YES;
				CLANG_WARN_COMMA = YES;
				CLANG_WARN_CONSTANT_CONVERSION = YES;
				CLANG_WARN_DEPRECATED_OBJC_IMPLEMENTATIONS = YES;
				CLANG_WARN_DIRECT_OBJC_ISA_USAGE = YES_ERROR;
				CLANG_WARN_DOCUMENTATION_COMMENTS = YES;
				CLANG_WARN_EMPTY_BODY = YES;
				CLANG_WARN_ENUM_CONVERSION = YES;
				CLANG_WARN_INFINITE_RECURSION = YES;
				CLANG_WARN_INT_CONVERSION = YES;
				CLANG_WARN_NON_LITERAL_NULL_CONVERSION = YES;
				CLANG_WARN_OBJC_IMPLICIT_RETAIN_SELF = YES;
				CLANG_WARN_OBJC_LITERAL_CONVERSION = YES;
				CLANG_WARN_OBJC_ROOT_CLASS = YES_ERROR;
				CLANG_WARN_RANGE_LOOP_ANALYSIS = YES;
				CLANG_WARN_STRICT_PROTOTYPES = YES;
				CLANG_WARN_SUSPICIOUS_MOVE = YES;
				CLANG_WARN_UNGUARDED_AVAILABILITY = YES_AGGRESSIVE;
				CLANG_WARN_UNREACHABLE_CODE = YES;
				CLANG_WARN__DUPLICATE_METHOD_MATCH = YES;
				CODE_SIGN_IDENTITY = "iPhone Developer";
				COPY_PHASE_STRIP = NO;
				DEBUG_INFORMATION_FORMAT = "dwarf-with-dsym";
				ENABLE_NS_ASSERTIONS = NO;
				ENABLE_STRICT_OBJC_MSGSEND = YES;
				GCC_C_LANGUAGE_STANDARD = gnu11;
				GCC_NO_COMMON_BLOCKS = YES;
				GCC_WARN_64_TO_32_BIT_CONVERSION = YES;
				GCC_WARN_ABOUT_RETURN_TYPE = YES_ERROR;
				GCC_WARN_UNDECLARED_SELECTOR = YES;
				GCC_WARN_UNINITIALIZED_AUTOS = YES_AGGRESSIVE;
				GCC_WARN_UNUSED_FUNCTION = YES;
				GCC_WARN_UNUSED_VARIABLE = YES;
				IPHONEOS_DEPLOYMENT_TARGET = 11.4;
				MTL_ENABLE_DEBUG_INFO = NO;
				SDKROOT = iphoneos;
				SWIFT_COMPILATION_MODE = wholemodule;
				SWIFT_OPTIMIZATION_LEVEL = "-O";
				VALIDATE_PRODUCT = YES;
			};
			name = Release;
		};
		3D03882D21AF2AB600D7D9BA /* Debug */ = {
			isa = XCBuildConfiguration;
			buildSettings = {
				ALWAYS_EMBED_SWIFT_STANDARD_LIBRARIES = YES;
				ASSETCATALOG_COMPILER_APPICON_NAME = AppIcon;
				CODE_SIGN_STYLE = Automatic;
				INFOPLIST_FILE = "Historical-Anthems/Info.plist";
				LD_RUNPATH_SEARCH_PATHS = (
					"$(inherited)",
					"@executable_path/Frameworks",
				);
				PRODUCT_BUNDLE_IDENTIFIER = "edu.ulsa.Historical-Anthems";
				PRODUCT_NAME = "$(TARGET_NAME)";
				SWIFT_VERSION = 4.0;
				TARGETED_DEVICE_FAMILY = "1,2";
			};
			name = Debug;
		};
		3D03882E21AF2AB600D7D9BA /* Release */ = {
			isa = XCBuildConfiguration;
			buildSettings = {
				ALWAYS_EMBED_SWIFT_STANDARD_LIBRARIES = YES;
				ASSETCATALOG_COMPILER_APPICON_NAME = AppIcon;
				CODE_SIGN_STYLE = Automatic;
				INFOPLIST_FILE = "Historical-Anthems/Info.plist";
				LD_RUNPATH_SEARCH_PATHS = (
					"$(inherited)",
					"@executable_path/Frameworks",
				);
				PRODUCT_BUNDLE_IDENTIFIER = "edu.ulsa.Historical-Anthems";
				PRODUCT_NAME = "$(TARGET_NAME)";
				SWIFT_VERSION = 4.0;
				TARGETED_DEVICE_FAMILY = "1,2";
			};
			name = Release;
		};
		3D03883021AF2AB600D7D9BA /* Debug */ = {
			isa = XCBuildConfiguration;
			buildSettings = {
				ALWAYS_EMBED_SWIFT_STANDARD_LIBRARIES = YES;
				BUNDLE_LOADER = "$(TEST_HOST)";
				CODE_SIGN_STYLE = Automatic;
				INFOPLIST_FILE = "Historical-AnthemsTests/Info.plist";
				LD_RUNPATH_SEARCH_PATHS = (
					"$(inherited)",
					"@executable_path/Frameworks",
					"@loader_path/Frameworks",
				);
				PRODUCT_BUNDLE_IDENTIFIER = "edu.ulsa.Historical-AnthemsTests";
				PRODUCT_NAME = "$(TARGET_NAME)";
				SWIFT_VERSION = 4.0;
				TARGETED_DEVICE_FAMILY = "1,2";
				TEST_HOST = "$(BUILT_PRODUCTS_DIR)/Historical-Anthems.app/Historical-Anthems";
			};
			name = Debug;
		};
		3D03883121AF2AB600D7D9BA /* Release */ = {
			isa = XCBuildConfiguration;
			buildSettings = {
				ALWAYS_EMBED_SWIFT_STANDARD_LIBRARIES = YES;
				BUNDLE_LOADER = "$(TEST_HOST)";
				CODE_SIGN_STYLE = Automatic;
				INFOPLIST_FILE = "Historical-AnthemsTests/Info.plist";
				LD_RUNPATH_SEARCH_PATHS = (
					"$(inherited)",
					"@executable_path/Frameworks",
					"@loader_path/Frameworks",
				);
				PRODUCT_BUNDLE_IDENTIFIER = "edu.ulsa.Historical-AnthemsTests";
				PRODUCT_NAME = "$(TARGET_NAME)";
				SWIFT_VERSION = 4.0;
				TARGETED_DEVICE_FAMILY = "1,2";
				TEST_HOST = "$(BUILT_PRODUCTS_DIR)/Historical-Anthems.app/Historical-Anthems";
			};
			name = Release;
		};
		3D03883321AF2AB600D7D9BA /* Debug */ = {
			isa = XCBuildConfiguration;
			buildSettings = {
				ALWAYS_EMBED_SWIFT_STANDARD_LIBRARIES = YES;
				CODE_SIGN_STYLE = Automatic;
				INFOPLIST_FILE = "Historical-AnthemsUITests/Info.plist";
				LD_RUNPATH_SEARCH_PATHS = (
					"$(inherited)",
					"@executable_path/Frameworks",
					"@loader_path/Frameworks",
				);
				PRODUCT_BUNDLE_IDENTIFIER = "edu.ulsa.Historical-AnthemsUITests";
				PRODUCT_NAME = "$(TARGET_NAME)";
				SWIFT_VERSION = 4.0;
				TARGETED_DEVICE_FAMILY = "1,2";
				TEST_TARGET_NAME = "Historical-Anthems";
			};
			name = Debug;
		};
		3D03883421AF2AB600D7D9BA /* Release */ = {
			isa = XCBuildConfiguration;
			buildSettings = {
				ALWAYS_EMBED_SWIFT_STANDARD_LIBRARIES = YES;
				CODE_SIGN_STYLE = Automatic;
				INFOPLIST_FILE = "Historical-AnthemsUITests/Info.plist";
				LD_RUNPATH_SEARCH_PATHS = (
					"$(inherited)",
					"@executable_path/Frameworks",
					"@loader_path/Frameworks",
				);
				PRODUCT_BUNDLE_IDENTIFIER = "edu.ulsa.Historical-AnthemsUITests";
				PRODUCT_NAME = "$(TARGET_NAME)";
				SWIFT_VERSION = 4.0;
				TARGETED_DEVICE_FAMILY = "1,2";
				TEST_TARGET_NAME = "Historical-Anthems";
			};
			name = Release;
		};
/* End XCBuildConfiguration section */

/* Begin XCConfigurationList section */
		3D0387FF21AF2AB400D7D9BA /* Build configuration list for PBXProject "Historical-Anthems" */ = {
			isa = XCConfigurationList;
			buildConfigurations = (
				3D03882A21AF2AB600D7D9BA /* Debug */,
				3D03882B21AF2AB600D7D9BA /* Release */,
			);
			defaultConfigurationIsVisible = 0;
			defaultConfigurationName = Release;
		};
		3D03882C21AF2AB600D7D9BA /* Build configuration list for PBXNativeTarget "Historical-Anthems" */ = {
			isa = XCConfigurationList;
			buildConfigurations = (
				3D03882D21AF2AB600D7D9BA /* Debug */,
				3D03882E21AF2AB600D7D9BA /* Release */,
			);
			defaultConfigurationIsVisible = 0;
			defaultConfigurationName = Release;
		};
		3D03882F21AF2AB600D7D9BA /* Build configuration list for PBXNativeTarget "Historical-AnthemsTests" */ = {
			isa = XCConfigurationList;
			buildConfigurations = (
				3D03883021AF2AB600D7D9BA /* Debug */,
				3D03883121AF2AB600D7D9BA /* Release */,
			);
			defaultConfigurationIsVisible = 0;
			defaultConfigurationName = Release;
		};
		3D03883221AF2AB600D7D9BA /* Build configuration list for PBXNativeTarget "Historical-AnthemsUITests" */ = {
			isa = XCConfigurationList;
			buildConfigurations = (
				3D03883321AF2AB600D7D9BA /* Debug */,
				3D03883421AF2AB600D7D9BA /* Release */,
			);
			defaultConfigurationIsVisible = 0;
			defaultConfigurationName = Release;
		};
/* End XCConfigurationList section */
	};
	rootObject = 3D0387FC21AF2AB400D7D9BA /* Project object */;
}
